// !$*UTF8*$!
{
	archiveVersion = 1;
	classes = {
	};
	objectVersion = 55;
	objects = {

/* Begin PBXBuildFile section */
		A661C761285625E1008B4990 /* Main.storyboard in Resources */ = {isa = PBXBuildFile; fileRef = A661C760285625E1008B4990 /* Main.storyboard */; };
		A6B6D8742856CDCD0026B6C3 /* ResultsViewController.swift in Sources */ = {isa = PBXBuildFile; fileRef = A6B6D8732856CDCD0026B6C3 /* ResultsViewController.swift */; };
		A6B6D8762856D9130026B6C3 /* GooglePlacesManager.swift in Sources */ = {isa = PBXBuildFile; fileRef = A6B6D8752856D9130026B6C3 /* GooglePlacesManager.swift */; };
		A6C3DD032852DD510087B5D8 /* AppDelegate.swift in Sources */ = {isa = PBXBuildFile; fileRef = A6C3DD022852DD510087B5D8 /* AppDelegate.swift */; };
		A6C3DD052852DD510087B5D8 /* SceneDelegate.swift in Sources */ = {isa = PBXBuildFile; fileRef = A6C3DD042852DD510087B5D8 /* SceneDelegate.swift */; };
		A6C3DD072852DD510087B5D8 /* ViewController.swift in Sources */ = {isa = PBXBuildFile; fileRef = A6C3DD062852DD510087B5D8 /* ViewController.swift */; };
		A6C3DD0C2852DD520087B5D8 /* Assets.xcassets in Resources */ = {isa = PBXBuildFile; fileRef = A6C3DD0B2852DD520087B5D8 /* Assets.xcassets */; };
		A6C3DD0F2852DD520087B5D8 /* LaunchScreen.storyboard in Resources */ = {isa = PBXBuildFile; fileRef = A6C3DD0D2852DD520087B5D8 /* LaunchScreen.storyboard */; };
		A6C3DD192852F0B80087B5D8 /* Alert.swift in Sources */ = {isa = PBXBuildFile; fileRef = A6C3DD182852F0B80087B5D8 /* Alert.swift */; };
		A6CB802C287CCC5E00A240F8 /* ZoomButtonsViewController.swift in Sources */ = {isa = PBXBuildFile; fileRef = A6CB802B287CCC5E00A240F8 /* ZoomButtonsViewController.swift */; };
		A6F020E12888FE5800E05901 /* SettingsViewController.swift in Sources */ = {isa = PBXBuildFile; fileRef = A6F020E02888FE5800E05901 /* SettingsViewController.swift */; };
/* End PBXBuildFile section */

/* Begin PBXFileReference section */
		46F1A4B534E293A2D2AF8AEF /* Pods-TimeToGo.debug.xcconfig */ = {isa = PBXFileReference; includeInIndex = 1; lastKnownFileType = text.xcconfig; name = "Pods-TimeToGo.debug.xcconfig"; path = "Target Support Files/Pods-TimeToGo/Pods-TimeToGo.debug.xcconfig"; sourceTree = "<group>"; };
		A661C760285625E1008B4990 /* Main.storyboard */ = {isa = PBXFileReference; lastKnownFileType = file.storyboard; path = Main.storyboard; sourceTree = "<group>"; };
		A6B6D8732856CDCD0026B6C3 /* ResultsViewController.swift */ = {isa = PBXFileReference; lastKnownFileType = sourcecode.swift; path = ResultsViewController.swift; sourceTree = "<group>"; };
		A6B6D8752856D9130026B6C3 /* GooglePlacesManager.swift */ = {isa = PBXFileReference; lastKnownFileType = sourcecode.swift; path = GooglePlacesManager.swift; sourceTree = "<group>"; };
		A6C3DD022852DD510087B5D8 /* AppDelegate.swift */ = {isa = PBXFileReference; lastKnownFileType = sourcecode.swift; path = AppDelegate.swift; sourceTree = "<group>"; };
		A6C3DD042852DD510087B5D8 /* SceneDelegate.swift */ = {isa = PBXFileReference; lastKnownFileType = sourcecode.swift; path = SceneDelegate.swift; sourceTree = "<group>"; };
		A6C3DD062852DD510087B5D8 /* ViewController.swift */ = {isa = PBXFileReference; lastKnownFileType = sourcecode.swift; path = ViewController.swift; sourceTree = "<group>"; };
		A6C3DD0B2852DD520087B5D8 /* Assets.xcassets */ = {isa = PBXFileReference; lastKnownFileType = folder.assetcatalog; path = Assets.xcassets; sourceTree = "<group>"; };
		A6C3DD0E2852DD520087B5D8 /* Base */ = {isa = PBXFileReference; lastKnownFileType = file.storyboard; name = Base; path = Base.lproj/LaunchScreen.storyboard; sourceTree = "<group>"; };
		A6C3DD102852DD520087B5D8 /* Info.plist */ = {isa = PBXFileReference; lastKnownFileType = text.plist.xml; path = Info.plist; sourceTree = "<group>"; };
		A6C3DD182852F0B80087B5D8 /* Alert.swift */ = {isa = PBXFileReference; lastKnownFileType = sourcecode.swift; path = Alert.swift; sourceTree = "<group>"; };
		A6CB802B287CCC5E00A240F8 /* ZoomButtonsViewController.swift */ = {isa = PBXFileReference; lastKnownFileType = sourcecode.swift; path = ZoomButtonsViewController.swift; sourceTree = "<group>"; };
		A6F020DF2888E50700E05901 /* TimeToGo.app */ = {isa = PBXFileReference; explicitFileType = wrapper.application; includeInIndex = 0; path = TimeToGo.app; sourceTree = BUILT_PRODUCTS_DIR; };
		A6F020E02888FE5800E05901 /* SettingsViewController.swift */ = {isa = PBXFileReference; lastKnownFileType = sourcecode.swift; path = SettingsViewController.swift; sourceTree = "<group>"; };
		AE6CFE905946E4EFBB67D009 /* Pods-TimeToGo.release.xcconfig */ = {isa = PBXFileReference; includeInIndex = 1; lastKnownFileType = text.xcconfig; name = "Pods-TimeToGo.release.xcconfig"; path = "Target Support Files/Pods-TimeToGo/Pods-TimeToGo.release.xcconfig"; sourceTree = "<group>"; };
/* End PBXFileReference section */

/* Begin PBXFrameworksBuildPhase section */
		A6C3DCFC2852DD510087B5D8 /* Frameworks */ = {
			isa = PBXFrameworksBuildPhase;
			buildActionMask = 2147483647;
			files = (
			);
			runOnlyForDeploymentPostprocessing = 0;
		};
/* End PBXFrameworksBuildPhase section */

/* Begin PBXGroup section */
		1DAC75AD9916B6A8E0B96142 /* Frameworks */ = {
			isa = PBXGroup;
			children = (
			);
			name = Frameworks;
			sourceTree = "<group>";
		};
		9BC2EB2BD2200596C0DF844A /* Pods */ = {
			isa = PBXGroup;
			children = (
				46F1A4B534E293A2D2AF8AEF /* Pods-TimeToGo.debug.xcconfig */,
				AE6CFE905946E4EFBB67D009 /* Pods-TimeToGo.release.xcconfig */,
			);
			path = Pods;
			sourceTree = "<group>";
		};
		A6C3DCF62852DD510087B5D8 = {
			isa = PBXGroup;
			children = (
				A6C3DD012852DD510087B5D8 /* TimeToGo */,
				9BC2EB2BD2200596C0DF844A /* Pods */,
				1DAC75AD9916B6A8E0B96142 /* Frameworks */,
				A6F020DF2888E50700E05901 /* TimeToGo.app */,
			);
			sourceTree = "<group>";
		};
		A6C3DD012852DD510087B5D8 /* TimeToGo */ = {
			isa = PBXGroup;
			children = (
				A6CB802A287CCC3800A240F8 /* ZoomButtons */,
				A6C3DD022852DD510087B5D8 /* AppDelegate.swift */,
				A6C3DD042852DD510087B5D8 /* SceneDelegate.swift */,
				A6C3DD062852DD510087B5D8 /* ViewController.swift */,
				A6B6D8732856CDCD0026B6C3 /* ResultsViewController.swift */,
				A6B6D8752856D9130026B6C3 /* GooglePlacesManager.swift */,
				A6C3DD182852F0B80087B5D8 /* Alert.swift */,
				A6CB8027287CCB5500A240F8 /* Settings */,
				A661C760285625E1008B4990 /* Main.storyboard */,
				A6C3DD0B2852DD520087B5D8 /* Assets.xcassets */,
				A6C3DD0D2852DD520087B5D8 /* LaunchScreen.storyboard */,
				A6C3DD102852DD520087B5D8 /* Info.plist */,
			);
			path = TimeToGo;
			sourceTree = "<group>";
		};
		A6CB8027287CCB5500A240F8 /* Settings */ = {
			isa = PBXGroup;
			children = (
				A6F020E02888FE5800E05901 /* SettingsViewController.swift */,
			);
			path = Settings;
			sourceTree = "<group>";
		};
		A6CB802A287CCC3800A240F8 /* ZoomButtons */ = {
			isa = PBXGroup;
			children = (
				A6CB802B287CCC5E00A240F8 /* ZoomButtonsViewController.swift */,
			);
			path = ZoomButtons;
			sourceTree = "<group>";
		};
/* End PBXGroup section */

/* Begin PBXNativeTarget section */
		A6C3DCFE2852DD510087B5D8 /* TimeToGo */ = {
			isa = PBXNativeTarget;
			buildConfigurationList = A6C3DD132852DD520087B5D8 /* Build configuration list for PBXNativeTarget "TimeToGo" */;
			buildPhases = (
				4703F05EBD4F6924B2FAF633 /* [CP] Check Pods Manifest.lock */,
				A6C3DCFB2852DD510087B5D8 /* Sources */,
				A6C3DCFC2852DD510087B5D8 /* Frameworks */,
				A6C3DCFD2852DD510087B5D8 /* Resources */,
				EB5E8DEF4C6C949FD535A87A /* [CP] Copy Pods Resources */,
			);
			buildRules = (
			);
			dependencies = (
			);
			name = TimeToGo;
			productName = TimeToGo;
			productReference = A6F020DF2888E50700E05901 /* TimeToGo.app */;
			productType = "com.apple.product-type.application";
		};
/* End PBXNativeTarget section */

/* Begin PBXProject section */
		A6C3DCF72852DD510087B5D8 /* Project object */ = {
			isa = PBXProject;
			attributes = {
				BuildIndependentTargetsInParallel = 1;
				LastSwiftUpdateCheck = 1330;
				LastUpgradeCheck = 1330;
				TargetAttributes = {
					A6C3DCFE2852DD510087B5D8 = {
						CreatedOnToolsVersion = 13.3.1;
					};
				};
			};
			buildConfigurationList = A6C3DCFA2852DD510087B5D8 /* Build configuration list for PBXProject "TimeToGo" */;
			compatibilityVersion = "Xcode 13.0";
			developmentRegion = en;
			hasScannedForEncodings = 0;
			knownRegions = (
				en,
				Base,
			);
			mainGroup = A6C3DCF62852DD510087B5D8;
			productRefGroup = A6C3DCF62852DD510087B5D8;
			projectDirPath = "";
			projectRoot = "";
			targets = (
				A6C3DCFE2852DD510087B5D8 /* TimeToGo */,
			);
		};
/* End PBXProject section */

/* Begin PBXResourcesBuildPhase section */
		A6C3DCFD2852DD510087B5D8 /* Resources */ = {
			isa = PBXResourcesBuildPhase;
			buildActionMask = 2147483647;
			files = (
				A661C761285625E1008B4990 /* Main.storyboard in Resources */,
				A6C3DD0F2852DD520087B5D8 /* LaunchScreen.storyboard in Resources */,
				A6C3DD0C2852DD520087B5D8 /* Assets.xcassets in Resources */,
			);
			runOnlyForDeploymentPostprocessing = 0;
		};
/* End PBXResourcesBuildPhase section */

/* Begin PBXShellScriptBuildPhase section */
		4703F05EBD4F6924B2FAF633 /* [CP] Check Pods Manifest.lock */ = {
			isa = PBXShellScriptBuildPhase;
			buildActionMask = 2147483647;
			files = (
			);
			inputFileListPaths = (
			);
			inputPaths = (
				"${PODS_PODFILE_DIR_PATH}/Podfile.lock",
				"${PODS_ROOT}/Manifest.lock",
			);
			name = "[CP] Check Pods Manifest.lock";
			outputFileListPaths = (
			);
			outputPaths = (
				"$(DERIVED_FILE_DIR)/Pods-TimeToGo-checkManifestLockResult.txt",
			);
			runOnlyForDeploymentPostprocessing = 0;
			shellPath = /bin/sh;
			shellScript = "diff \"${PODS_PODFILE_DIR_PATH}/Podfile.lock\" \"${PODS_ROOT}/Manifest.lock\" > /dev/null\nif [ $? != 0 ] ; then\n    # print error to STDERR\n    echo \"error: The sandbox is not in sync with the Podfile.lock. Run 'pod install' or update your CocoaPods installation.\" >&2\n    exit 1\nfi\n# This output is used by Xcode 'outputs' to avoid re-running this script phase.\necho \"SUCCESS\" > \"${SCRIPT_OUTPUT_FILE_0}\"\n";
			showEnvVarsInLog = 0;
		};
		EB5E8DEF4C6C949FD535A87A /* [CP] Copy Pods Resources */ = {
			isa = PBXShellScriptBuildPhase;
			buildActionMask = 2147483647;
			files = (
			);
			inputFileListPaths = (
				"${PODS_ROOT}/Target Support Files/Pods-TimeToGo/Pods-TimeToGo-resources-${CONFIGURATION}-input-files.xcfilelist",
			);
			name = "[CP] Copy Pods Resources";
			outputFileListPaths = (
				"${PODS_ROOT}/Target Support Files/Pods-TimeToGo/Pods-TimeToGo-resources-${CONFIGURATION}-output-files.xcfilelist",
			);
			runOnlyForDeploymentPostprocessing = 0;
			shellPath = /bin/sh;
			shellScript = "\"${PODS_ROOT}/Target Support Files/Pods-TimeToGo/Pods-TimeToGo-resources.sh\"\n";
			showEnvVarsInLog = 0;
		};
/* End PBXShellScriptBuildPhase section */

/* Begin PBXSourcesBuildPhase section */
		A6C3DCFB2852DD510087B5D8 /* Sources */ = {
			isa = PBXSourcesBuildPhase;
			buildActionMask = 2147483647;
			files = (
				A6B6D8762856D9130026B6C3 /* GooglePlacesManager.swift in Sources */,
				A6F020E12888FE5800E05901 /* SettingsViewController.swift in Sources */,
				A6C3DD072852DD510087B5D8 /* ViewController.swift in Sources */,
				A6C3DD032852DD510087B5D8 /* AppDelegate.swift in Sources */,
				A6C3DD192852F0B80087B5D8 /* Alert.swift in Sources */,
				A6CB802C287CCC5E00A240F8 /* ZoomButtonsViewController.swift in Sources */,
				A6B6D8742856CDCD0026B6C3 /* ResultsViewController.swift in Sources */,
				A6C3DD052852DD510087B5D8 /* SceneDelegate.swift in Sources */,
			);
			runOnlyForDeploymentPostprocessing = 0;
		};
/* End PBXSourcesBuildPhase section */

/* Begin PBXVariantGroup section */
		A6C3DD0D2852DD520087B5D8 /* LaunchScreen.storyboard */ = {
			isa = PBXVariantGroup;
			children = (
				A6C3DD0E2852DD520087B5D8 /* Base */,
			);
			name = LaunchScreen.storyboard;
			sourceTree = "<group>";
		};
/* End PBXVariantGroup section */

/* Begin XCBuildConfiguration section */
		A6C3DD112852DD520087B5D8 /* Debug */ = {
			isa = XCBuildConfiguration;
			buildSettings = {
				ALWAYS_SEARCH_USER_PATHS = NO;
				CLANG_ANALYZER_NONNULL = YES;
				CLANG_ANALYZER_NUMBER_OBJECT_CONVERSION = YES_AGGRESSIVE;
				CLANG_CXX_LANGUAGE_STANDARD = "gnu++17";
				CLANG_ENABLE_MODULES = YES;
				CLANG_ENABLE_OBJC_ARC = YES;
				CLANG_ENABLE_OBJC_WEAK = YES;
				CLANG_WARN_BLOCK_CAPTURE_AUTORELEASING = YES;
				CLANG_WARN_BOOL_CONVERSION = YES;
				CLANG_WARN_COMMA = YES;
				CLANG_WARN_CONSTANT_CONVERSION = YES;
				CLANG_WARN_DEPRECATED_OBJC_IMPLEMENTATIONS = YES;
				CLANG_WARN_DIRECT_OBJC_ISA_USAGE = YES_ERROR;
				CLANG_WARN_DOCUMENTATION_COMMENTS = YES;
				CLANG_WARN_EMPTY_BODY = YES;
				CLANG_WARN_ENUM_CONVERSION = YES;
				CLANG_WARN_INFINITE_RECURSION = YES;
				CLANG_WARN_INT_CONVERSION = YES;
				CLANG_WARN_NON_LITERAL_NULL_CONVERSION = YES;
				CLANG_WARN_OBJC_IMPLICIT_RETAIN_SELF = YES;
				CLANG_WARN_OBJC_LITERAL_CONVERSION = YES;
				CLANG_WARN_OBJC_ROOT_CLASS = YES_ERROR;
				CLANG_WARN_QUOTED_INCLUDE_IN_FRAMEWORK_HEADER = YES;
				CLANG_WARN_RANGE_LOOP_ANALYSIS = YES;
				CLANG_WARN_STRICT_PROTOTYPES = YES;
				CLANG_WARN_SUSPICIOUS_MOVE = YES;
				CLANG_WARN_UNGUARDED_AVAILABILITY = YES_AGGRESSIVE;
				CLANG_WARN_UNREACHABLE_CODE = YES;
				CLANG_WARN__DUPLICATE_METHOD_MATCH = YES;
				COPY_PHASE_STRIP = NO;
				DEBUG_INFORMATION_FORMAT = dwarf;
				ENABLE_STRICT_OBJC_MSGSEND = YES;
				ENABLE_TESTABILITY = YES;
				GCC_C_LANGUAGE_STANDARD = gnu11;
				GCC_DYNAMIC_NO_PIC = NO;
				GCC_NO_COMMON_BLOCKS = YES;
				GCC_OPTIMIZATION_LEVEL = 0;
				GCC_PREPROCESSOR_DEFINITIONS = (
					"DEBUG=1",
					"$(inherited)",
				);
				GCC_WARN_64_TO_32_BIT_CONVERSION = YES;
				GCC_WARN_ABOUT_RETURN_TYPE = YES_ERROR;
				GCC_WARN_UNDECLARED_SELECTOR = YES;
				GCC_WARN_UNINITIALIZED_AUTOS = YES_AGGRESSIVE;
				GCC_WARN_UNUSED_FUNCTION = YES;
				GCC_WARN_UNUSED_VARIABLE = YES;
				IPHONEOS_DEPLOYMENT_TARGET = 15.4;
				MTL_ENABLE_DEBUG_INFO = INCLUDE_SOURCE;
				MTL_FAST_MATH = YES;
				ONLY_ACTIVE_ARCH = YES;
				SDKROOT = iphoneos;
				SWIFT_ACTIVE_COMPILATION_CONDITIONS = DEBUG;
				SWIFT_OPTIMIZATION_LEVEL = "-Onone";
			};
			name = Debug;
		};
		A6C3DD122852DD520087B5D8 /* Release */ = {
			isa = XCBuildConfiguration;
			buildSettings = {
				ALWAYS_SEARCH_USER_PATHS = NO;
				CLANG_ANALYZER_NONNULL = YES;
				CLANG_ANALYZER_NUMBER_OBJECT_CONVERSION = YES_AGGRESSIVE;
				CLANG_CXX_LANGUAGE_STANDARD = "gnu++17";
				CLANG_ENABLE_MODULES = YES;
				CLANG_ENABLE_OBJC_ARC = YES;
				CLANG_ENABLE_OBJC_WEAK = YES;
				CLANG_WARN_BLOCK_CAPTURE_AUTORELEASING = YES;
				CLANG_WARN_BOOL_CONVERSION = YES;
				CLANG_WARN_COMMA = YES;
				CLANG_WARN_CONSTANT_CONVERSION = YES;
				CLANG_WARN_DEPRECATED_OBJC_IMPLEMENTATIONS = YES;
				CLANG_WARN_DIRECT_OBJC_ISA_USAGE = YES_ERROR;
				CLANG_WARN_DOCUMENTATION_COMMENTS = YES;
				CLANG_WARN_EMPTY_BODY = YES;
				CLANG_WARN_ENUM_CONVERSION = YES;
				CLANG_WARN_INFINITE_RECURSION = YES;
				CLANG_WARN_INT_CONVERSION = YES;
				CLANG_WARN_NON_LITERAL_NULL_CONVERSION = YES;
				CLANG_WARN_OBJC_IMPLICIT_RETAIN_SELF = YES;
				CLANG_WARN_OBJC_LITERAL_CONVERSION = YES;
				CLANG_WARN_OBJC_ROOT_CLASS = YES_ERROR;
				CLANG_WARN_QUOTED_INCLUDE_IN_FRAMEWORK_HEADER = YES;
				CLANG_WARN_RANGE_LOOP_ANALYSIS = YES;
				CLANG_WARN_STRICT_PROTOTYPES = YES;
				CLANG_WARN_SUSPICIOUS_MOVE = YES;
				CLANG_WARN_UNGUARDED_AVAILABILITY = YES_AGGRESSIVE;
				CLANG_WARN_UNREACHABLE_CODE = YES;
				CLANG_WARN__DUPLICATE_METHOD_MATCH = YES;
				COPY_PHASE_STRIP = NO;
				DEBUG_INFORMATION_FORMAT = "dwarf-with-dsym";
				ENABLE_NS_ASSERTIONS = NO;
				ENABLE_STRICT_OBJC_MSGSEND = YES;
				GCC_C_LANGUAGE_STANDARD = gnu11;
				GCC_NO_COMMON_BLOCKS = YES;
				GCC_WARN_64_TO_32_BIT_CONVERSION = YES;
				GCC_WARN_ABOUT_RETURN_TYPE = YES_ERROR;
				GCC_WARN_UNDECLARED_SELECTOR = YES;
				GCC_WARN_UNINITIALIZED_AUTOS = YES_AGGRESSIVE;
				GCC_WARN_UNUSED_FUNCTION = YES;
				GCC_WARN_UNUSED_VARIABLE = YES;
				IPHONEOS_DEPLOYMENT_TARGET = 15.4;
				MTL_ENABLE_DEBUG_INFO = NO;
				MTL_FAST_MATH = YES;
				SDKROOT = iphoneos;
				SWIFT_COMPILATION_MODE = wholemodule;
				SWIFT_OPTIMIZATION_LEVEL = "-O";
				VALIDATE_PRODUCT = YES;
			};
			name = Release;
		};
		A6C3DD142852DD520087B5D8 /* Debug */ = {
			isa = XCBuildConfiguration;
			baseConfigurationReference = 46F1A4B534E293A2D2AF8AEF /* Pods-TimeToGo.debug.xcconfig */;
			buildSettings = {
				ASSETCATALOG_COMPILER_APPICON_NAME = AppIcon;
				ASSETCATALOG_COMPILER_GLOBAL_ACCENT_COLOR_NAME = AccentColor;
				CODE_SIGN_STYLE = Automatic;
				CURRENT_PROJECT_VERSION = 1;
				DEVELOPMENT_TEAM = 2249AJ7FW9;
				EXCLUDED_ARCHS = "";
				GENERATE_INFOPLIST_FILE = YES;
				INFOPLIST_FILE = TimeToGo/Info.plist;
				INFOPLIST_KEY_NSLocationWhenInUseUsageDescription = "This app uses your location to personalize your app experience";
				INFOPLIST_KEY_NSMainNibFile = Main;
				INFOPLIST_KEY_UIApplicationSupportsIndirectInputEvents = YES;
				INFOPLIST_KEY_UILaunchStoryboardName = LaunchScreen;
				INFOPLIST_KEY_UISupportedInterfaceOrientations = UIInterfaceOrientationPortrait;
				INFOPLIST_KEY_UISupportedInterfaceOrientations_iPad = "UIInterfaceOrientationPortrait UIInterfaceOrientationPortraitUpsideDown UIInterfaceOrientationLandscapeLeft UIInterfaceOrientationLandscapeRight";
				INFOPLIST_KEY_UISupportedInterfaceOrientations_iPhone = "UIInterfaceOrientationPortrait UIInterfaceOrientationLandscapeLeft UIInterfaceOrientationLandscapeRight";
				LD_RUNPATH_SEARCH_PATHS = (
					"$(inherited)",
					"@executable_path/Frameworks",
				);
				MARKETING_VERSION = 1.0;
				PRODUCT_BUNDLE_IDENTIFIER = "kirill-ponomarenko.TimeToGo";
				PRODUCT_NAME = "$(TARGET_NAME)";
				SWIFT_EMIT_LOC_STRINGS = YES;
				SWIFT_VERSION = 5.0;
				TARGETED_DEVICE_FAMILY = "1,2";
			};
			name = Debug;
		};
		A6C3DD152852DD520087B5D8 /* Release */ = {
			isa = XCBuildConfiguration;
			baseConfigurationReference = AE6CFE905946E4EFBB67D009 /* Pods-TimeToGo.release.xcconfig */;
			buildSettings = {
				ASSETCATALOG_COMPILER_APPICON_NAME = AppIcon;
				ASSETCATALOG_COMPILER_GLOBAL_ACCENT_COLOR_NAME = AccentColor;
				CODE_SIGN_STYLE = Automatic;
				CURRENT_PROJECT_VERSION = 1;
				DEVELOPMENT_TEAM = 2249AJ7FW9;
				EXCLUDED_ARCHS = "";
				GENERATE_INFOPLIST_FILE = YES;
				INFOPLIST_FILE = TimeToGo/Info.plist;
				INFOPLIST_KEY_NSLocationWhenInUseUsageDescription = "This app uses your location to personalize your app experience";
				INFOPLIST_KEY_NSMainNibFile = Main;
				INFOPLIST_KEY_UIApplicationSupportsIndirectInputEvents = YES;
				INFOPLIST_KEY_UILaunchStoryboardName = LaunchScreen;
				INFOPLIST_KEY_UISupportedInterfaceOrientations = UIInterfaceOrientationPortrait;
				INFOPLIST_KEY_UISupportedInterfaceOrientations_iPad = "UIInterfaceOrientationPortrait UIInterfaceOrientationPortraitUpsideDown UIInterfaceOrientationLandscapeLeft UIInterfaceOrientationLandscapeRight";
				INFOPLIST_KEY_UISupportedInterfaceOrientations_iPhone = "UIInterfaceOrientationPortrait UIInterfaceOrientationLandscapeLeft UIInterfaceOrientationLandscapeRight";
				LD_RUNPATH_SEARCH_PATHS = (
					"$(inherited)",
					"@executable_path/Frameworks",
				);
				MARKETING_VERSION = 1.0;
				PRODUCT_BUNDLE_IDENTIFIER = "kirill-ponomarenko.TimeToGo";
				PRODUCT_NAME = "$(TARGET_NAME)";
				SWIFT_EMIT_LOC_STRINGS = YES;
				SWIFT_VERSION = 5.0;
				TARGETED_DEVICE_FAMILY = "1,2";
			};
			name = Release;
		};
/* End XCBuildConfiguration section */

/* Begin XCConfigurationList section */
		A6C3DCFA2852DD510087B5D8 /* Build configuration list for PBXProject "TimeToGo" */ = {
			isa = XCConfigurationList;
			buildConfigurations = (
				A6C3DD112852DD520087B5D8 /* Debug */,
				A6C3DD122852DD520087B5D8 /* Release */,
			);
			defaultConfigurationIsVisible = 0;
			defaultConfigurationName = Release;
		};
		A6C3DD132852DD520087B5D8 /* Build configuration list for PBXNativeTarget "TimeToGo" */ = {
			isa = XCConfigurationList;
			buildConfigurations = (
				A6C3DD142852DD520087B5D8 /* Debug */,
				A6C3DD152852DD520087B5D8 /* Release */,
			);
			defaultConfigurationIsVisible = 0;
			defaultConfigurationName = Release;
		};
/* End XCConfigurationList section */
	};
	rootObject = A6C3DCF72852DD510087B5D8 /* Project object */;
}
